<?xml version="1.0" encoding="utf-8"?>
<Project ToolsVersion="4.0" xmlns="http://schemas.microsoft.com/developer/msbuild/2003">
  <ItemGroup>
    <Filter Include="Source Files">
      <UniqueIdentifier>{4FC737F1-C7A5-4376-A066-2A32D752A2FF}</UniqueIdentifier>
      <Extensions>cpp;c;cc;cxx;c++;cppm;ixx;def;odl;idl;hpj;bat;asm;asmx</Extensions>
    </Filter>
    <Filter Include="Header Files">
      <UniqueIdentifier>{93995380-89BD-4b04-88EB-625FBE52EBFB}</UniqueIdentifier>
      <Extensions>h;hh;hpp;hxx;h++;hm;inl;inc;ipp;xsd</Extensions>
    </Filter>
    <Filter Include="Resource Files">
      <UniqueIdentifier>{67DA6AB6-F800-4c08-8B7A-83BB121AAD01}</UniqueIdentifier>
      <Extensions>rc;ico;cur;bmp;dlg;rc2;rct;bin;rgs;gif;jpg;jpeg;jpe;resx;tiff;tif;png;wav;mfcribbon-ms</Extensions>
    </Filter>
    <Filter Include="Header Files\Domain">
      <UniqueIdentifier>{7c65333e-b7f5-4e1e-b865-11c209646f43}</UniqueIdentifier>
    </Filter>
    <Filter Include="Source Files\Domain">
      <UniqueIdentifier>{c693723f-e3dc-40f2-9787-768fd0d8d863}</UniqueIdentifier>
    </Filter>
    <Filter Include="Source Files\Repository">
      <UniqueIdentifier>{f2cd7add-eab8-4f10-937b-b9139290aaca}</UniqueIdentifier>
    </Filter>
    <Filter Include="Header Files\Repository">
      <UniqueIdentifier>{e523cf03-fbed-46e6-9bfa-08ce265cf2c7}</UniqueIdentifier>
    </Filter>
    <Filter Include="Header Files\Domain\Validator">
      <UniqueIdentifier>{2d24e845-eac6-4d55-9697-bd0342df32b3}</UniqueIdentifier>
    </Filter>
    <Filter Include="Source Files\Domain\Validator">
      <UniqueIdentifier>{27287c41-a1d1-431e-a3ec-ab0247dda20f}</UniqueIdentifier>
    </Filter>
    <Filter Include="Header Files\Service">
      <UniqueIdentifier>{a0f574a7-459a-42ac-aec0-20bf86fea696}</UniqueIdentifier>
    </Filter>
    <Filter Include="Source Files\Service">
      <UniqueIdentifier>{a2908a2e-dff1-4ea0-a1d0-1b5dfafe00c1}</UniqueIdentifier>
    </Filter>
  </ItemGroup>
  <ItemGroup>
    <ClInclude Include="User.h">
      <Filter>Header Files\Domain</Filter>
    </ClInclude>
    <ClInclude Include="Message.h">
      <Filter>Header Files\Domain</Filter>
    </ClInclude>
    <ClInclude Include="Entity.h">
      <Filter>Header Files\Domain</Filter>
    </ClInclude>
    <ClInclude Include="DatabaseRepository.h">
      <Filter>Header Files\Repository</Filter>
    </ClInclude>
    <ClInclude Include="UserDatabaseRepository.h">
      <Filter>Header Files\Repository</Filter>
    </ClInclude>
    <ClInclude Include="Validator.h">
      <Filter>Header Files\Domain\Validator</Filter>
    </ClInclude>
    <ClInclude Include="UserValidator.h">
      <Filter>Header Files\Domain\Validator</Filter>
    </ClInclude>
    <ClInclude Include="MessageValidator.h">
      <Filter>Header Files\Domain\Validator</Filter>
    </ClInclude>
    <ClInclude Include="MessageDatabaseRepository.h">
      <Filter>Header Files\Repository</Filter>
    </ClInclude>
    <ClInclude Include="Service.h">
      <Filter>Header Files\Service</Filter>
    </ClInclude>
    <ClInclude Include="MySocket.h">
      <Filter>Header Files\Domain</Filter>
    </ClInclude>
    <ClInclude Include="LoginDatabaseRepository.h">
      <Filter>Header Files\Repository</Filter>
    </ClInclude>
    <ClInclude Include="Login.h">
      <Filter>Header Files\Domain</Filter>
    </ClInclude>
    <ClInclude Include="LoginValidator.h">
      <Filter>Header Files\Domain\Validator</Filter>
    </ClInclude>
  </ItemGroup>
  <ItemGroup>
    <ClCompile Include="Message.cpp">
      <Filter>Source Files\Domain</Filter>
    </ClCompile>
    <ClCompile Include="User.cpp">
      <Filter>Source Files\Domain</Filter>
    </ClCompile>
    <ClCompile Include="Main.cpp">
      <Filter>Source Files</Filter>
    </ClCompile>
    <ClCompile Include="DatabaseRepository.cpp">
      <Filter>Source Files\Repository</Filter>
    </ClCompile>
    <ClCompile Include="UserDatabaseRepository.cpp">
      <Filter>Source Files\Repository</Filter>
    </ClCompile>
    <ClCompile Include="UserValidator.cpp">
      <Filter>Source Files\Domain\Validator</Filter>
    </ClCompile>
    <ClCompile Include="..\..\sqlite-amalgamation-3340000\sqlite3.c">
      <Filter>Source Files</Filter>
    </ClCompile>
    <ClCompile Include="Verificare.cpp">
      <Filter>Source Files</Filter>
    </ClCompile>
    <ClCompile Include="Service.cpp">
      <Filter>Source Files\Service</Filter>
    </ClCompile>
    <ClCompile Include="MessageDatabaseRepository.cpp">
      <Filter>Source Files\Repository</Filter>
    </ClCompile>
    <ClCompile Include="MessageValidator.cpp">
      <Filter>Source Files\Domain\Validator</Filter>
    </ClCompile>
    <ClCompile Include="MySocket.cpp">
      <Filter>Source Files\Domain</Filter>
    </ClCompile>
    <ClCompile Include="LoginDatabaseRepository.cpp">
      <Filter>Source Files\Repository</Filter>
    </ClCompile>
    <ClCompile Include="Login.cpp">
      <Filter>Source Files\Domain</Filter>
    </ClCompile>
    <ClCompile Include="LoginValidator.cpp">
      <Filter>Source Files\Domain\Validator</Filter>
    </ClCompile>
  </ItemGroup>
  <ItemGroup>
    <None Include="packages.config" />
  </ItemGroup>
</Project>